
Microsoft Visual Studio Solution File, Format Version 12.00
# Visual Studio Version 17
VisualStudioVersion = 17.1.32228.430
MinimumVisualStudioVersion = 10.0.40219.1
Project("{9A19103F-16F7-4668-BE54-9A1E7A4F7556}") = "BaseProject", "BaseProject\BaseProject.csproj", "{CD0BBF3F-B9D8-4BC3-96EC-1BBFCA374D92}"
EndProject
Project("{9A19103F-16F7-4668-BE54-9A1E7A4F7556}") = "WebApp.Command", "WebApp.Command\WebApp.Command.csproj", "{E5A82D2B-6E23-4CCB-9B84-2901642D7C56}"
EndProject
Global
	GlobalSection(SolutionConfigurationPlatforms) = preSolution
		Debug|Any CPU = Debug|Any CPU
		Release|Any CPU = Release|Any CPU
	EndGlobalSection
	GlobalSection(ProjectConfigurationPlatforms) = postSolution
		{CD0BBF3F-B9D8-4BC3-96EC-1BBFCA374D92}.Debug|Any CPU.ActiveCfg = Debug|Any CPU
		{CD0BBF3F-B9D8-4BC3-96EC-1BBFCA374D92}.Debug|Any CPU.Build.0 = Debug|Any CPU
		{CD0BBF3F-B9D8-4BC3-96EC-1BBFCA374D92}.Release|Any CPU.ActiveCfg = Release|Any CPU
		{CD0BBF3F-B9D8-4BC3-96EC-1BBFCA374D92}.Release|Any CPU.Build.0 = Release|Any CPU
		{E5A82D2B-6E23-4CCB-9B84-2901642D7C56}.Debug|Any CPU.ActiveCfg = Debug|Any CPU
		{E5A82D2B-6E23-4CCB-9B84-2901642D7C56}.Debug|Any CPU.Build.0 = Debug|Any CPU
		{E5A82D2B-6E23-4CCB-9B84-2901642D7C56}.Release|Any CPU.ActiveCfg = Release|Any CPU
		{E5A82D2B-6E23-4CCB-9B84-2901642D7C56}.Release|Any CPU.Build.0 = Release|Any CPU
	EndGlobalSection
	GlobalSection(SolutionProperties) = preSolution
		HideSolutionNode = FALSE
	EndGlobalSection
	GlobalSection(ExtensibilityGlobals) = postSolution
		SolutionGuid = {0F92F412-8B66-4C90-A906-5D063A26C463}
	EndGlobalSection
EndGlobal
